
Microsoft Visual Studio Solution File, Format Version 12.00
# Visual Studio Version 17
VisualStudioVersion = 17.9.34616.47
MinimumVisualStudioVersion = 10.0.40219.1
Project("{FAE04EC0-301F-11D3-BF4B-00C04F79EFBC}") = "ZooVirtual", "ZooVirtual\ZooVirtual.csproj", "{50FB7718-4A01-40BF-A35F-6BD71DC7FDCF}"
EndProject
Global
	GlobalSection(SolutionConfigurationPlatforms) = preSolution
		Debug|Any CPU = Debug|Any CPU
		Release|Any CPU = Release|Any CPU
	EndGlobalSection
	GlobalSection(ProjectConfigurationPlatforms) = postSolution
		{50FB7718-4A01-40BF-A35F-6BD71DC7FDCF}.Debug|Any CPU.ActiveCfg = Debug|Any CPU
		{50FB7718-4A01-40BF-A35F-6BD71DC7FDCF}.Debug|Any CPU.Build.0 = Debug|Any CPU
		{50FB7718-4A01-40BF-A35F-6BD71DC7FDCF}.Release|Any CPU.ActiveCfg = Release|Any CPU
		{50FB7718-4A01-40BF-A35F-6BD71DC7FDCF}.Release|Any CPU.Build.0 = Release|Any CPU
	EndGlobalSection
	GlobalSection(SolutionProperties) = preSolution
		HideSolutionNode = FALSE
	EndGlobalSection
	GlobalSection(ExtensibilityGlobals) = postSolution
		SolutionGuid = {90822F67-295E-4680-AF0F-7F676DDBD581}
	EndGlobalSection
EndGlobal
